
Microsoft Visual Studio Solution File, Format Version 12.00
# Visual Studio Version 17
VisualStudioVersion = 17.11.35327.3
MinimumVisualStudioVersion = 10.0.40219.1
Project("{FAE04EC0-301F-11D3-BF4B-00C04F79EFBC}") = "29.ProgramacionModular1", "29.ProgramacionModular1\29.ProgramacionModular1.csproj", "{666F4C42-65CA-4548-A3DD-6EB0F5A29E88}"
EndProject
Global
	GlobalSection(SolutionConfigurationPlatforms) = preSolution
		Debug|Any CPU = Debug|Any CPU
		Release|Any CPU = Release|Any CPU
	EndGlobalSection
	GlobalSection(ProjectConfigurationPlatforms) = postSolution
		{666F4C42-65CA-4548-A3DD-6EB0F5A29E88}.Debug|Any CPU.ActiveCfg = Debug|Any CPU
		{666F4C42-65CA-4548-A3DD-6EB0F5A29E88}.Debug|Any CPU.Build.0 = Debug|Any CPU
		{666F4C42-65CA-4548-A3DD-6EB0F5A29E88}.Release|Any CPU.ActiveCfg = Release|Any CPU
		{666F4C42-65CA-4548-A3DD-6EB0F5A29E88}.Release|Any CPU.Build.0 = Release|Any CPU
	EndGlobalSection
	GlobalSection(SolutionProperties) = preSolution
		HideSolutionNode = FALSE
	EndGlobalSection
	GlobalSection(ExtensibilityGlobals) = postSolution
		SolutionGuid = {ED124543-7892-417A-9987-9996D8B0C689}
	EndGlobalSection
EndGlobal
