
Microsoft Visual Studio Solution File, Format Version 12.00
# Visual Studio Version 17
VisualStudioVersion = 17.11.35327.3
MinimumVisualStudioVersion = 10.0.40219.1
Project("{FAE04EC0-301F-11D3-BF4B-00C04F79EFBC}") = "8.TallerCondicionales", "8.TallerCondicionales.csproj", "{F239FA09-0A54-4A18-AE37-B656B5038823}"
EndProject
Global
	GlobalSection(SolutionConfigurationPlatforms) = preSolution
		Debug|Any CPU = Debug|Any CPU
		Release|Any CPU = Release|Any CPU
	EndGlobalSection
	GlobalSection(ProjectConfigurationPlatforms) = postSolution
		{F239FA09-0A54-4A18-AE37-B656B5038823}.Debug|Any CPU.ActiveCfg = Debug|Any CPU
		{F239FA09-0A54-4A18-AE37-B656B5038823}.Debug|Any CPU.Build.0 = Debug|Any CPU
		{F239FA09-0A54-4A18-AE37-B656B5038823}.Release|Any CPU.ActiveCfg = Release|Any CPU
		{F239FA09-0A54-4A18-AE37-B656B5038823}.Release|Any CPU.Build.0 = Release|Any CPU
	EndGlobalSection
	GlobalSection(SolutionProperties) = preSolution
		HideSolutionNode = FALSE
	EndGlobalSection
	GlobalSection(ExtensibilityGlobals) = postSolution
		SolutionGuid = {06B23A46-E775-4CC6-B307-0D3F2E09D366}
	EndGlobalSection
EndGlobal
