
Microsoft Visual Studio Solution File, Format Version 12.00
# Visual Studio Version 17
VisualStudioVersion = 17.14.36414.22 d17.14
MinimumVisualStudioVersion = 10.0.40219.1
Project("{FAE04EC0-301F-11D3-BF4B-00C04F79EFBC}") = "22.Vectores", "22.Vectores.csproj", "{FCD161C5-C308-42A6-829B-CDF5B9BC6CB2}"
EndProject
Global
	GlobalSection(SolutionConfigurationPlatforms) = preSolution
		Debug|Any CPU = Debug|Any CPU
		Release|Any CPU = Release|Any CPU
	EndGlobalSection
	GlobalSection(ProjectConfigurationPlatforms) = postSolution
		{FCD161C5-C308-42A6-829B-CDF5B9BC6CB2}.Debug|Any CPU.ActiveCfg = Debug|Any CPU
		{FCD161C5-C308-42A6-829B-CDF5B9BC6CB2}.Debug|Any CPU.Build.0 = Debug|Any CPU
		{FCD161C5-C308-42A6-829B-CDF5B9BC6CB2}.Release|Any CPU.ActiveCfg = Release|Any CPU
		{FCD161C5-C308-42A6-829B-CDF5B9BC6CB2}.Release|Any CPU.Build.0 = Release|Any CPU
	EndGlobalSection
	GlobalSection(SolutionProperties) = preSolution
		HideSolutionNode = FALSE
	EndGlobalSection
	GlobalSection(ExtensibilityGlobals) = postSolution
		SolutionGuid = {F8BF4A0A-F51F-49EA-9792-78F46B4A27A2}
	EndGlobalSection
EndGlobal
