
Microsoft Visual Studio Solution File, Format Version 12.00
# Visual Studio Version 17
VisualStudioVersion = 17.11.35327.3
MinimumVisualStudioVersion = 10.0.40219.1
Project("{FAE04EC0-301F-11D3-BF4B-00C04F79EFBC}") = "1.InicioVisualStudio", "1.InicioVisualStudio\1.InicioVisualStudio.csproj", "{EF69FFBD-6FE3-4FB3-8A90-570891712F31}"
EndProject
Global
	GlobalSection(SolutionConfigurationPlatforms) = preSolution
		Debug|Any CPU = Debug|Any CPU
		Release|Any CPU = Release|Any CPU
	EndGlobalSection
	GlobalSection(ProjectConfigurationPlatforms) = postSolution
		{EF69FFBD-6FE3-4FB3-8A90-570891712F31}.Debug|Any CPU.ActiveCfg = Debug|Any CPU
		{EF69FFBD-6FE3-4FB3-8A90-570891712F31}.Debug|Any CPU.Build.0 = Debug|Any CPU
		{EF69FFBD-6FE3-4FB3-8A90-570891712F31}.Release|Any CPU.ActiveCfg = Release|Any CPU
		{EF69FFBD-6FE3-4FB3-8A90-570891712F31}.Release|Any CPU.Build.0 = Release|Any CPU
	EndGlobalSection
	GlobalSection(SolutionProperties) = preSolution
		HideSolutionNode = FALSE
	EndGlobalSection
	GlobalSection(ExtensibilityGlobals) = postSolution
		SolutionGuid = {2B4F1EA7-4632-4889-89A0-6AD692D29162}
	EndGlobalSection
EndGlobal
