
Microsoft Visual Studio Solution File, Format Version 12.00
# Visual Studio Version 17
VisualStudioVersion = 17.11.35327.3
MinimumVisualStudioVersion = 10.0.40219.1
Project("{FAE04EC0-301F-11D3-BF4B-00C04F79EFBC}") = "18.DoWhile2", "18.DoWhile2.csproj", "{2D51ACA7-A3A0-47A5-AEE1-E6736A070E40}"
EndProject
Global
	GlobalSection(SolutionConfigurationPlatforms) = preSolution
		Debug|Any CPU = Debug|Any CPU
		Release|Any CPU = Release|Any CPU
	EndGlobalSection
	GlobalSection(ProjectConfigurationPlatforms) = postSolution
		{2D51ACA7-A3A0-47A5-AEE1-E6736A070E40}.Debug|Any CPU.ActiveCfg = Debug|Any CPU
		{2D51ACA7-A3A0-47A5-AEE1-E6736A070E40}.Debug|Any CPU.Build.0 = Debug|Any CPU
		{2D51ACA7-A3A0-47A5-AEE1-E6736A070E40}.Release|Any CPU.ActiveCfg = Release|Any CPU
		{2D51ACA7-A3A0-47A5-AEE1-E6736A070E40}.Release|Any CPU.Build.0 = Release|Any CPU
	EndGlobalSection
	GlobalSection(SolutionProperties) = preSolution
		HideSolutionNode = FALSE
	EndGlobalSection
	GlobalSection(ExtensibilityGlobals) = postSolution
		SolutionGuid = {CBC7059F-2C32-4A82-A09E-86E406616957}
	EndGlobalSection
EndGlobal
