
Microsoft Visual Studio Solution File, Format Version 12.00
# Visual Studio Version 17
VisualStudioVersion = 17.11.35327.3
MinimumVisualStudioVersion = 10.0.40219.1
Project("{FAE04EC0-301F-11D3-BF4B-00C04F79EFBC}") = "TallerVectores", "TallerVectores.csproj", "{5231715C-6AB2-4C73-8FAA-32C37E190B3A}"
EndProject
Global
	GlobalSection(SolutionConfigurationPlatforms) = preSolution
		Debug|Any CPU = Debug|Any CPU
		Release|Any CPU = Release|Any CPU
	EndGlobalSection
	GlobalSection(ProjectConfigurationPlatforms) = postSolution
		{5231715C-6AB2-4C73-8FAA-32C37E190B3A}.Debug|Any CPU.ActiveCfg = Debug|Any CPU
		{5231715C-6AB2-4C73-8FAA-32C37E190B3A}.Debug|Any CPU.Build.0 = Debug|Any CPU
		{5231715C-6AB2-4C73-8FAA-32C37E190B3A}.Release|Any CPU.ActiveCfg = Release|Any CPU
		{5231715C-6AB2-4C73-8FAA-32C37E190B3A}.Release|Any CPU.Build.0 = Release|Any CPU
	EndGlobalSection
	GlobalSection(SolutionProperties) = preSolution
		HideSolutionNode = FALSE
	EndGlobalSection
	GlobalSection(ExtensibilityGlobals) = postSolution
		SolutionGuid = {1E4D2FEF-AF26-4A7D-90C9-6B9E4DCABCF7}
	EndGlobalSection
EndGlobal
