
Microsoft Visual Studio Solution File, Format Version 12.00
# Visual Studio Version 17
VisualStudioVersion = 17.14.36414.22 d17.14
MinimumVisualStudioVersion = 10.0.40219.1
Project("{FAE04EC0-301F-11D3-BF4B-00C04F79EFBC}") = "26. Matrices 2", "26. Matrices 2.csproj", "{F5A83E24-25BB-4B8D-B319-280DCAD58139}"
EndProject
Global
	GlobalSection(SolutionConfigurationPlatforms) = preSolution
		Debug|Any CPU = Debug|Any CPU
		Release|Any CPU = Release|Any CPU
	EndGlobalSection
	GlobalSection(ProjectConfigurationPlatforms) = postSolution
		{F5A83E24-25BB-4B8D-B319-280DCAD58139}.Debug|Any CPU.ActiveCfg = Debug|Any CPU
		{F5A83E24-25BB-4B8D-B319-280DCAD58139}.Debug|Any CPU.Build.0 = Debug|Any CPU
		{F5A83E24-25BB-4B8D-B319-280DCAD58139}.Release|Any CPU.ActiveCfg = Release|Any CPU
		{F5A83E24-25BB-4B8D-B319-280DCAD58139}.Release|Any CPU.Build.0 = Release|Any CPU
	EndGlobalSection
	GlobalSection(SolutionProperties) = preSolution
		HideSolutionNode = FALSE
	EndGlobalSection
	GlobalSection(ExtensibilityGlobals) = postSolution
		SolutionGuid = {645BD7CB-D5B2-4515-B983-2D0D919D8010}
	EndGlobalSection
EndGlobal
